
Microsoft Visual Studio Solution File, Format Version 12.00
# Visual Studio Version 16
VisualStudioVersion = 16.0.29709.97
MinimumVisualStudioVersion = 10.0.40219.1
Project("{FAE04EC0-301F-11D3-BF4B-00C04F79EFBC}") = "ConsoleApp1", "ConsoleApp1\ConsoleApp1.csproj", "{BFCBBF23-7D10-4105-A5FF-F17658442B78}"
EndProject
Global
	GlobalSection(SolutionConfigurationPlatforms) = preSolution
		Debug|Any CPU = Debug|Any CPU
		Release|Any CPU = Release|Any CPU
	EndGlobalSection
	GlobalSection(ProjectConfigurationPlatforms) = postSolution
		{BFCBBF23-7D10-4105-A5FF-F17658442B78}.Debug|Any CPU.ActiveCfg = Debug|Any CPU
		{BFCBBF23-7D10-4105-A5FF-F17658442B78}.Debug|Any CPU.Build.0 = Debug|Any CPU
		{BFCBBF23-7D10-4105-A5FF-F17658442B78}.Release|Any CPU.ActiveCfg = Release|Any CPU
		{BFCBBF23-7D10-4105-A5FF-F17658442B78}.Release|Any CPU.Build.0 = Release|Any CPU
	EndGlobalSection
	GlobalSection(SolutionProperties) = preSolution
		HideSolutionNode = FALSE
	EndGlobalSection
	GlobalSection(ExtensibilityGlobals) = postSolution
		SolutionGuid = {2AFCA836-BF10-497A-A8B0-8B4C2C7FFB13}
	EndGlobalSection
EndGlobal
